// !$*UTF8*$!
{
	archiveVersion = 1;
	classes = {
	};
	objectVersion = 50;
	objects = {

/* Begin PBXBuildFile section */
		3349C76D36ACC306F0CEBC87 /* Pods_Tiki_Home_TestTests.framework in Frameworks */ = {isa = PBXBuildFile; fileRef = 1F44452E6713F3C32B9143F5 /* Pods_Tiki_Home_TestTests.framework */; };
		53DACA4734DA00B977C6BE6F /* Pods_Tiki_Home_Test.framework in Frameworks */ = {isa = PBXBuildFile; fileRef = 0A7EC8E943CB363E93E467A2 /* Pods_Tiki_Home_Test.framework */; };
		C625651E22A6A0DE00802DC4 /* AppDelegate.swift in Sources */ = {isa = PBXBuildFile; fileRef = C625651D22A6A0DE00802DC4 /* AppDelegate.swift */; };
		C625652322A6A0DE00802DC4 /* Main.storyboard in Resources */ = {isa = PBXBuildFile; fileRef = C625652122A6A0DE00802DC4 /* Main.storyboard */; };
		C625652522A6A0E000802DC4 /* Assets.xcassets in Resources */ = {isa = PBXBuildFile; fileRef = C625652422A6A0E000802DC4 /* Assets.xcassets */; };
		C625652822A6A0E000802DC4 /* LaunchScreen.storyboard in Resources */ = {isa = PBXBuildFile; fileRef = C625652622A6A0E000802DC4 /* LaunchScreen.storyboard */; };
		C625653322A6A0E100802DC4 /* Tiki_Home_TestTests.swift in Sources */ = {isa = PBXBuildFile; fileRef = C625653222A6A0E100802DC4 /* Tiki_Home_TestTests.swift */; };
		C625654822A6AFA400802DC4 /* BaseAPIService.swift in Sources */ = {isa = PBXBuildFile; fileRef = C625654722A6AFA400802DC4 /* BaseAPIService.swift */; };
		C625654A22A6AFCB00802DC4 /* APIServices.swift in Sources */ = {isa = PBXBuildFile; fileRef = C625654922A6AFCB00802DC4 /* APIServices.swift */; };
		C625654C22A6B00100802DC4 /* APIError.swift in Sources */ = {isa = PBXBuildFile; fileRef = C625654B22A6B00100802DC4 /* APIError.swift */; };
		C625654E22A6B13E00802DC4 /* Defines.swift in Sources */ = {isa = PBXBuildFile; fileRef = C625654D22A6B13E00802DC4 /* Defines.swift */; };
		C625655022A6B42300802DC4 /* APIResponse.swift in Sources */ = {isa = PBXBuildFile; fileRef = C625654F22A6B42300802DC4 /* APIResponse.swift */; };
		C625655222A6B45800802DC4 /* KeywordModel.swift in Sources */ = {isa = PBXBuildFile; fileRef = C625655122A6B45800802DC4 /* KeywordModel.swift */; };
		C625655422A6B49E00802DC4 /* UIImageView+Ext.swift in Sources */ = {isa = PBXBuildFile; fileRef = C625655322A6B49E00802DC4 /* UIImageView+Ext.swift */; };
		C625655622A6B4BD00802DC4 /* UIColor+Ext.swift in Sources */ = {isa = PBXBuildFile; fileRef = C625655522A6B4BD00802DC4 /* UIColor+Ext.swift */; };
		C625655822A6B62200802DC4 /* ListKeywordHotVC.swift in Sources */ = {isa = PBXBuildFile; fileRef = C625655722A6B62200802DC4 /* ListKeywordHotVC.swift */; };
		C625655C22A6B7E400802DC4 /* UIViewController+Ext.swift in Sources */ = {isa = PBXBuildFile; fileRef = C625655B22A6B7E400802DC4 /* UIViewController+Ext.swift */; };
		C625656022A6BEE100802DC4 /* ListKeywordHotCell.swift in Sources */ = {isa = PBXBuildFile; fileRef = C625655F22A6BEE100802DC4 /* ListKeywordHotCell.swift */; };
/* End PBXBuildFile section */

/* Begin PBXContainerItemProxy section */
		C625652F22A6A0E100802DC4 /* PBXContainerItemProxy */ = {
			isa = PBXContainerItemProxy;
			containerPortal = C625651222A6A0DE00802DC4 /* Project object */;
			proxyType = 1;
			remoteGlobalIDString = C625651922A6A0DE00802DC4;
			remoteInfo = "Tiki-Home-Test";
		};
/* End PBXContainerItemProxy section */

/* Begin PBXFileReference section */
		0A7EC8E943CB363E93E467A2 /* Pods_Tiki_Home_Test.framework */ = {isa = PBXFileReference; explicitFileType = wrapper.framework; includeInIndex = 0; path = Pods_Tiki_Home_Test.framework; sourceTree = BUILT_PRODUCTS_DIR; };
		1F44452E6713F3C32B9143F5 /* Pods_Tiki_Home_TestTests.framework */ = {isa = PBXFileReference; explicitFileType = wrapper.framework; includeInIndex = 0; path = Pods_Tiki_Home_TestTests.framework; sourceTree = BUILT_PRODUCTS_DIR; };
		50F6E168B7E2CC838AF93AD9 /* Pods-Tiki-Home-Test.release.xcconfig */ = {isa = PBXFileReference; includeInIndex = 1; lastKnownFileType = text.xcconfig; name = "Pods-Tiki-Home-Test.release.xcconfig"; path = "Pods/Target Support Files/Pods-Tiki-Home-Test/Pods-Tiki-Home-Test.release.xcconfig"; sourceTree = "<group>"; };
		C625651A22A6A0DE00802DC4 /* Tiki-Home-Test.app */ = {isa = PBXFileReference; explicitFileType = wrapper.application; includeInIndex = 0; path = "Tiki-Home-Test.app"; sourceTree = BUILT_PRODUCTS_DIR; };
		C625651D22A6A0DE00802DC4 /* AppDelegate.swift */ = {isa = PBXFileReference; lastKnownFileType = sourcecode.swift; path = AppDelegate.swift; sourceTree = "<group>"; };
		C625652222A6A0DE00802DC4 /* Base */ = {isa = PBXFileReference; lastKnownFileType = file.storyboard; name = Base; path = Base.lproj/Main.storyboard; sourceTree = "<group>"; };
		C625652422A6A0E000802DC4 /* Assets.xcassets */ = {isa = PBXFileReference; lastKnownFileType = folder.assetcatalog; path = Assets.xcassets; sourceTree = "<group>"; };
		C625652722A6A0E000802DC4 /* Base */ = {isa = PBXFileReference; lastKnownFileType = file.storyboard; name = Base; path = Base.lproj/LaunchScreen.storyboard; sourceTree = "<group>"; };
		C625652922A6A0E000802DC4 /* Info.plist */ = {isa = PBXFileReference; lastKnownFileType = text.plist.xml; path = Info.plist; sourceTree = "<group>"; };
		C625652E22A6A0E100802DC4 /* Tiki-Home-TestTests.xctest */ = {isa = PBXFileReference; explicitFileType = wrapper.cfbundle; includeInIndex = 0; path = "Tiki-Home-TestTests.xctest"; sourceTree = BUILT_PRODUCTS_DIR; };
		C625653222A6A0E100802DC4 /* Tiki_Home_TestTests.swift */ = {isa = PBXFileReference; lastKnownFileType = sourcecode.swift; path = Tiki_Home_TestTests.swift; sourceTree = "<group>"; };
		C625653422A6A0E100802DC4 /* Info.plist */ = {isa = PBXFileReference; lastKnownFileType = text.plist.xml; path = Info.plist; sourceTree = "<group>"; };
		C625654722A6AFA400802DC4 /* BaseAPIService.swift */ = {isa = PBXFileReference; lastKnownFileType = sourcecode.swift; path = BaseAPIService.swift; sourceTree = "<group>"; };
		C625654922A6AFCB00802DC4 /* APIServices.swift */ = {isa = PBXFileReference; lastKnownFileType = sourcecode.swift; path = APIServices.swift; sourceTree = "<group>"; };
		C625654B22A6B00100802DC4 /* APIError.swift */ = {isa = PBXFileReference; lastKnownFileType = sourcecode.swift; path = APIError.swift; sourceTree = "<group>"; };
		C625654D22A6B13E00802DC4 /* Defines.swift */ = {isa = PBXFileReference; lastKnownFileType = sourcecode.swift; path = Defines.swift; sourceTree = "<group>"; };
		C625654F22A6B42300802DC4 /* APIResponse.swift */ = {isa = PBXFileReference; lastKnownFileType = sourcecode.swift; path = APIResponse.swift; sourceTree = "<group>"; };
		C625655122A6B45800802DC4 /* KeywordModel.swift */ = {isa = PBXFileReference; lastKnownFileType = sourcecode.swift; path = KeywordModel.swift; sourceTree = "<group>"; };
		C625655322A6B49E00802DC4 /* UIImageView+Ext.swift */ = {isa = PBXFileReference; lastKnownFileType = sourcecode.swift; path = "UIImageView+Ext.swift"; sourceTree = "<group>"; };
		C625655522A6B4BD00802DC4 /* UIColor+Ext.swift */ = {isa = PBXFileReference; lastKnownFileType = sourcecode.swift; path = "UIColor+Ext.swift"; sourceTree = "<group>"; };
		C625655722A6B62200802DC4 /* ListKeywordHotVC.swift */ = {isa = PBXFileReference; lastKnownFileType = sourcecode.swift; path = ListKeywordHotVC.swift; sourceTree = "<group>"; };
		C625655B22A6B7E400802DC4 /* UIViewController+Ext.swift */ = {isa = PBXFileReference; lastKnownFileType = sourcecode.swift; path = "UIViewController+Ext.swift"; sourceTree = "<group>"; };
		C625655F22A6BEE100802DC4 /* ListKeywordHotCell.swift */ = {isa = PBXFileReference; lastKnownFileType = sourcecode.swift; path = ListKeywordHotCell.swift; sourceTree = "<group>"; };
		CBFAAB890A8E148F130D667D /* Pods-Tiki-Home-TestTests.debug.xcconfig */ = {isa = PBXFileReference; includeInIndex = 1; lastKnownFileType = text.xcconfig; name = "Pods-Tiki-Home-TestTests.debug.xcconfig"; path = "Pods/Target Support Files/Pods-Tiki-Home-TestTests/Pods-Tiki-Home-TestTests.debug.xcconfig"; sourceTree = "<group>"; };
		CF61C388D74757283718A06E /* Pods-Tiki-Home-TestTests.release.xcconfig */ = {isa = PBXFileReference; includeInIndex = 1; lastKnownFileType = text.xcconfig; name = "Pods-Tiki-Home-TestTests.release.xcconfig"; path = "Pods/Target Support Files/Pods-Tiki-Home-TestTests/Pods-Tiki-Home-TestTests.release.xcconfig"; sourceTree = "<group>"; };
		E0DF9FCFEC8975FF15BBB1D7 /* Pods-Tiki-Home-Test.debug.xcconfig */ = {isa = PBXFileReference; includeInIndex = 1; lastKnownFileType = text.xcconfig; name = "Pods-Tiki-Home-Test.debug.xcconfig"; path = "Pods/Target Support Files/Pods-Tiki-Home-Test/Pods-Tiki-Home-Test.debug.xcconfig"; sourceTree = "<group>"; };
/* End PBXFileReference section */

/* Begin PBXFrameworksBuildPhase section */
		C625651722A6A0DE00802DC4 /* Frameworks */ = {
			isa = PBXFrameworksBuildPhase;
			buildActionMask = 2147483647;
			files = (
				53DACA4734DA00B977C6BE6F /* Pods_Tiki_Home_Test.framework in Frameworks */,
			);
			runOnlyForDeploymentPostprocessing = 0;
		};
		C625652B22A6A0E100802DC4 /* Frameworks */ = {
			isa = PBXFrameworksBuildPhase;
			buildActionMask = 2147483647;
			files = (
				3349C76D36ACC306F0CEBC87 /* Pods_Tiki_Home_TestTests.framework in Frameworks */,
			);
			runOnlyForDeploymentPostprocessing = 0;
		};
/* End PBXFrameworksBuildPhase section */

/* Begin PBXGroup section */
		1679BA3132E1E10EFE9C3E23 /* Frameworks */ = {
			isa = PBXGroup;
			children = (
				0A7EC8E943CB363E93E467A2 /* Pods_Tiki_Home_Test.framework */,
				1F44452E6713F3C32B9143F5 /* Pods_Tiki_Home_TestTests.framework */,
			);
			name = Frameworks;
			sourceTree = "<group>";
		};
		6250D3890C65A3DF8A71A383 /* Pods */ = {
			isa = PBXGroup;
			children = (
				E0DF9FCFEC8975FF15BBB1D7 /* Pods-Tiki-Home-Test.debug.xcconfig */,
				50F6E168B7E2CC838AF93AD9 /* Pods-Tiki-Home-Test.release.xcconfig */,
				CBFAAB890A8E148F130D667D /* Pods-Tiki-Home-TestTests.debug.xcconfig */,
				CF61C388D74757283718A06E /* Pods-Tiki-Home-TestTests.release.xcconfig */,
			);
			name = Pods;
			sourceTree = "<group>";
		};
		C625651122A6A0DE00802DC4 = {
			isa = PBXGroup;
			children = (
				C625651C22A6A0DE00802DC4 /* Tiki-Home-Test */,
				C625653122A6A0E100802DC4 /* Tiki-Home-TestTests */,
				C625651B22A6A0DE00802DC4 /* Products */,
				6250D3890C65A3DF8A71A383 /* Pods */,
				1679BA3132E1E10EFE9C3E23 /* Frameworks */,
			);
			sourceTree = "<group>";
		};
		C625651B22A6A0DE00802DC4 /* Products */ = {
			isa = PBXGroup;
			children = (
				C625651A22A6A0DE00802DC4 /* Tiki-Home-Test.app */,
				C625652E22A6A0E100802DC4 /* Tiki-Home-TestTests.xctest */,
			);
			name = Products;
			sourceTree = "<group>";
		};
		C625651C22A6A0DE00802DC4 /* Tiki-Home-Test */ = {
			isa = PBXGroup;
			children = (
				C625654322A6A5A200802DC4 /* Classes */,
				C625654022A6A46A00802DC4 /* Resources */,
				C625654222A6A4D700802DC4 /* Supporting Files */,
			);
			path = "Tiki-Home-Test";
			sourceTree = "<group>";
		};
		C625653122A6A0E100802DC4 /* Tiki-Home-TestTests */ = {
			isa = PBXGroup;
			children = (
				C625653222A6A0E100802DC4 /* Tiki_Home_TestTests.swift */,
				C625653422A6A0E100802DC4 /* Info.plist */,
			);
			path = "Tiki-Home-TestTests";
			sourceTree = "<group>";
		};
		C625653D22A6A40C00802DC4 /* ViewControllers */ = {
			isa = PBXGroup;
			children = (
				C625655D22A6B85400802DC4 /* ListKeywordHot */,
			);
			path = ViewControllers;
			sourceTree = "<group>";
		};
		C625653E22A6A45000802DC4 /* Models */ = {
			isa = PBXGroup;
			children = (
				C625654F22A6B42300802DC4 /* APIResponse.swift */,
				C625655122A6B45800802DC4 /* KeywordModel.swift */,
			);
			path = Models;
			sourceTree = "<group>";
		};
		C625654022A6A46A00802DC4 /* Resources */ = {
			isa = PBXGroup;
			children = (
				C625654122A6A4C600802DC4 /* Storyboards */,
			);
			path = Resources;
			sourceTree = "<group>";
		};
		C625654122A6A4C600802DC4 /* Storyboards */ = {
			isa = PBXGroup;
			children = (
				C625652122A6A0DE00802DC4 /* Main.storyboard */,
				C625652622A6A0E000802DC4 /* LaunchScreen.storyboard */,
			);
			path = Storyboards;
			sourceTree = "<group>";
		};
		C625654222A6A4D700802DC4 /* Supporting Files */ = {
			isa = PBXGroup;
			children = (
				C625651D22A6A0DE00802DC4 /* AppDelegate.swift */,
				C625652922A6A0E000802DC4 /* Info.plist */,
				C625652422A6A0E000802DC4 /* Assets.xcassets */,
				C625654D22A6B13E00802DC4 /* Defines.swift */,
			);
			path = "Supporting Files";
			sourceTree = "<group>";
		};
		C625654322A6A5A200802DC4 /* Classes */ = {
			isa = PBXGroup;
			children = (
				C625653D22A6A40C00802DC4 /* ViewControllers */,
				C625654422A6A5E300802DC4 /* Modules */,
				C625653E22A6A45000802DC4 /* Models */,
			);
			path = Classes;
			sourceTree = "<group>";
		};
		C625654422A6A5E300802DC4 /* Modules */ = {
			isa = PBXGroup;
			children = (
				C625654622A6A8E300802DC4 /* APIs */,
				C625654522A6A8D600802DC4 /* Extension */,
			);
			path = Modules;
			sourceTree = "<group>";
		};
		C625654522A6A8D600802DC4 /* Extension */ = {
			isa = PBXGroup;
			children = (
				C625655322A6B49E00802DC4 /* UIImageView+Ext.swift */,
				C625655522A6B4BD00802DC4 /* UIColor+Ext.swift */,
				C625655B22A6B7E400802DC4 /* UIViewController+Ext.swift */,
			);
			path = Extension;
			sourceTree = "<group>";
		};
		C625654622A6A8E300802DC4 /* APIs */ = {
			isa = PBXGroup;
			children = (
				C625654922A6AFCB00802DC4 /* APIServices.swift */,
				C625654722A6AFA400802DC4 /* BaseAPIService.swift */,
				C625654B22A6B00100802DC4 /* APIError.swift */,
			);
			path = APIs;
			sourceTree = "<group>";
		};
		C625655D22A6B85400802DC4 /* ListKeywordHot */ = {
			isa = PBXGroup;
			children = (
				C625655E22A6BEB000802DC4 /* ListKeywordHotCell */,
				C625655722A6B62200802DC4 /* ListKeywordHotVC.swift */,
			);
			path = ListKeywordHot;
			sourceTree = "<group>";
		};
		C625655E22A6BEB000802DC4 /* ListKeywordHotCell */ = {
			isa = PBXGroup;
			children = (
				C625655F22A6BEE100802DC4 /* ListKeywordHotCell.swift */,
			);
			path = ListKeywordHotCell;
			sourceTree = "<group>";
		};
/* End PBXGroup section */

/* Begin PBXNativeTarget section */
		C625651922A6A0DE00802DC4 /* Tiki-Home-Test */ = {
			isa = PBXNativeTarget;
			buildConfigurationList = C625653722A6A0E100802DC4 /* Build configuration list for PBXNativeTarget "Tiki-Home-Test" */;
			buildPhases = (
				AB02634B23E043DD3A6018ED /* [CP] Check Pods Manifest.lock */,
				C625651622A6A0DE00802DC4 /* Sources */,
				C625651722A6A0DE00802DC4 /* Frameworks */,
				C625651822A6A0DE00802DC4 /* Resources */,
				90C95A8493F0D9745136307A /* [CP] Embed Pods Frameworks */,
			);
			buildRules = (
			);
			dependencies = (
			);
			name = "Tiki-Home-Test";
			productName = "Tiki-Home-Test";
			productReference = C625651A22A6A0DE00802DC4 /* Tiki-Home-Test.app */;
			productType = "com.apple.product-type.application";
		};
		C625652D22A6A0E100802DC4 /* Tiki-Home-TestTests */ = {
			isa = PBXNativeTarget;
			buildConfigurationList = C625653A22A6A0E100802DC4 /* Build configuration list for PBXNativeTarget "Tiki-Home-TestTests" */;
			buildPhases = (
				AA06FD9400D267B4F2A3953A /* [CP] Check Pods Manifest.lock */,
				C625652A22A6A0E100802DC4 /* Sources */,
				C625652B22A6A0E100802DC4 /* Frameworks */,
				C625652C22A6A0E100802DC4 /* Resources */,
			);
			buildRules = (
			);
			dependencies = (
				C625653022A6A0E100802DC4 /* PBXTargetDependency */,
			);
			name = "Tiki-Home-TestTests";
			productName = "Tiki-Home-TestTests";
			productReference = C625652E22A6A0E100802DC4 /* Tiki-Home-TestTests.xctest */;
			productType = "com.apple.product-type.bundle.unit-test";
		};
/* End PBXNativeTarget section */

/* Begin PBXProject section */
		C625651222A6A0DE00802DC4 /* Project object */ = {
			isa = PBXProject;
			attributes = {
				LastSwiftUpdateCheck = 1020;
				LastUpgradeCheck = 1020;
				ORGANIZATIONNAME = "Keo Hoang Phuong";
				TargetAttributes = {
					C625651922A6A0DE00802DC4 = {
						CreatedOnToolsVersion = 10.2.1;
					};
					C625652D22A6A0E100802DC4 = {
						CreatedOnToolsVersion = 10.2.1;
						TestTargetID = C625651922A6A0DE00802DC4;
					};
				};
			};
			buildConfigurationList = C625651522A6A0DE00802DC4 /* Build configuration list for PBXProject "Tiki-Home-Test" */;
			compatibilityVersion = "Xcode 9.3";
			developmentRegion = en;
			hasScannedForEncodings = 0;
			knownRegions = (
				en,
				Base,
			);
			mainGroup = C625651122A6A0DE00802DC4;
			productRefGroup = C625651B22A6A0DE00802DC4 /* Products */;
			projectDirPath = "";
			projectRoot = "";
			targets = (
				C625651922A6A0DE00802DC4 /* Tiki-Home-Test */,
				C625652D22A6A0E100802DC4 /* Tiki-Home-TestTests */,
			);
		};
/* End PBXProject section */

/* Begin PBXResourcesBuildPhase section */
		C625651822A6A0DE00802DC4 /* Resources */ = {
			isa = PBXResourcesBuildPhase;
			buildActionMask = 2147483647;
			files = (
				C625652822A6A0E000802DC4 /* LaunchScreen.storyboard in Resources */,
				C625652522A6A0E000802DC4 /* Assets.xcassets in Resources */,
				C625652322A6A0DE00802DC4 /* Main.storyboard in Resources */,
			);
			runOnlyForDeploymentPostprocessing = 0;
		};
		C625652C22A6A0E100802DC4 /* Resources */ = {
			isa = PBXResourcesBuildPhase;
			buildActionMask = 2147483647;
			files = (
			);
			runOnlyForDeploymentPostprocessing = 0;
		};
/* End PBXResourcesBuildPhase section */

/* Begin PBXShellScriptBuildPhase section */
		90C95A8493F0D9745136307A /* [CP] Embed Pods Frameworks */ = {
			isa = PBXShellScriptBuildPhase;
			buildActionMask = 2147483647;
			files = (
			);
			inputFileListPaths = (
			);
			inputPaths = (
				"${SRCROOT}/Pods/Target Support Files/Pods-Tiki-Home-Test/Pods-Tiki-Home-Test-frameworks.sh",
				"${BUILT_PRODUCTS_DIR}/Alamofire/Alamofire.framework",
				"${BUILT_PRODUCTS_DIR}/ObjectMapper/ObjectMapper.framework",
				"${BUILT_PRODUCTS_DIR}/SDWebImage/SDWebImage.framework",
				"${BUILT_PRODUCTS_DIR}/SVProgressHUD/SVProgressHUD.framework",
			);
			name = "[CP] Embed Pods Frameworks";
			outputFileListPaths = (
			);
			outputPaths = (
				"${TARGET_BUILD_DIR}/${FRAMEWORKS_FOLDER_PATH}/Alamofire.framework",
				"${TARGET_BUILD_DIR}/${FRAMEWORKS_FOLDER_PATH}/ObjectMapper.framework",
				"${TARGET_BUILD_DIR}/${FRAMEWORKS_FOLDER_PATH}/SDWebImage.framework",
				"${TARGET_BUILD_DIR}/${FRAMEWORKS_FOLDER_PATH}/SVProgressHUD.framework",
			);
			runOnlyForDeploymentPostprocessing = 0;
			shellPath = /bin/sh;
			shellScript = "\"${SRCROOT}/Pods/Target Support Files/Pods-Tiki-Home-Test/Pods-Tiki-Home-Test-frameworks.sh\"\n";
			showEnvVarsInLog = 0;
		};
		AA06FD9400D267B4F2A3953A /* [CP] Check Pods Manifest.lock */ = {
			isa = PBXShellScriptBuildPhase;
			buildActionMask = 2147483647;
			files = (
			);
			inputFileListPaths = (
			);
			inputPaths = (
				"${PODS_PODFILE_DIR_PATH}/Podfile.lock",
				"${PODS_ROOT}/Manifest.lock",
			);
			name = "[CP] Check Pods Manifest.lock";
			outputFileListPaths = (
			);
			outputPaths = (
				"$(DERIVED_FILE_DIR)/Pods-Tiki-Home-TestTests-checkManifestLockResult.txt",
			);
			runOnlyForDeploymentPostprocessing = 0;
			shellPath = /bin/sh;
			shellScript = "diff \"${PODS_PODFILE_DIR_PATH}/Podfile.lock\" \"${PODS_ROOT}/Manifest.lock\" > /dev/null\nif [ $? != 0 ] ; then\n    # print error to STDERR\n    echo \"error: The sandbox is not in sync with the Podfile.lock. Run 'pod install' or update your CocoaPods installation.\" >&2\n    exit 1\nfi\n# This output is used by Xcode 'outputs' to avoid re-running this script phase.\necho \"SUCCESS\" > \"${SCRIPT_OUTPUT_FILE_0}\"\n";
			showEnvVarsInLog = 0;
		};
		AB02634B23E043DD3A6018ED /* [CP] Check Pods Manifest.lock */ = {
			isa = PBXShellScriptBuildPhase;
			buildActionMask = 2147483647;
			files = (
			);
			inputFileListPaths = (
			);
			inputPaths = (
				"${PODS_PODFILE_DIR_PATH}/Podfile.lock",
				"${PODS_ROOT}/Manifest.lock",
			);
			name = "[CP] Check Pods Manifest.lock";
			outputFileListPaths = (
			);
			outputPaths = (
				"$(DERIVED_FILE_DIR)/Pods-Tiki-Home-Test-checkManifestLockResult.txt",
			);
			runOnlyForDeploymentPostprocessing = 0;
			shellPath = /bin/sh;
			shellScript = "diff \"${PODS_PODFILE_DIR_PATH}/Podfile.lock\" \"${PODS_ROOT}/Manifest.lock\" > /dev/null\nif [ $? != 0 ] ; then\n    # print error to STDERR\n    echo \"error: The sandbox is not in sync with the Podfile.lock. Run 'pod install' or update your CocoaPods installation.\" >&2\n    exit 1\nfi\n# This output is used by Xcode 'outputs' to avoid re-running this script phase.\necho \"SUCCESS\" > \"${SCRIPT_OUTPUT_FILE_0}\"\n";
			showEnvVarsInLog = 0;
		};
/* End PBXShellScriptBuildPhase section */

/* Begin PBXSourcesBuildPhase section */
		C625651622A6A0DE00802DC4 /* Sources */ = {
			isa = PBXSourcesBuildPhase;
			buildActionMask = 2147483647;
			files = (
				C625655022A6B42300802DC4 /* APIResponse.swift in Sources */,
				C625655822A6B62200802DC4 /* ListKeywordHotVC.swift in Sources */,
				C625651E22A6A0DE00802DC4 /* AppDelegate.swift in Sources */,
				C625656022A6BEE100802DC4 /* ListKeywordHotCell.swift in Sources */,
				C625655C22A6B7E400802DC4 /* UIViewController+Ext.swift in Sources */,
				C625655422A6B49E00802DC4 /* UIImageView+Ext.swift in Sources */,
				C625655222A6B45800802DC4 /* KeywordModel.swift in Sources */,
				C625654E22A6B13E00802DC4 /* Defines.swift in Sources */,
				C625654A22A6AFCB00802DC4 /* APIServices.swift in Sources */,
				C625655622A6B4BD00802DC4 /* UIColor+Ext.swift in Sources */,
				C625654C22A6B00100802DC4 /* APIError.swift in Sources */,
				C625654822A6AFA400802DC4 /* BaseAPIService.swift in Sources */,
			);
			runOnlyForDeploymentPostprocessing = 0;
		};
		C625652A22A6A0E100802DC4 /* Sources */ = {
			isa = PBXSourcesBuildPhase;
			buildActionMask = 2147483647;
			files = (
				C625653322A6A0E100802DC4 /* Tiki_Home_TestTests.swift in Sources */,
			);
			runOnlyForDeploymentPostprocessing = 0;
		};
/* End PBXSourcesBuildPhase section */

/* Begin PBXTargetDependency section */
		C625653022A6A0E100802DC4 /* PBXTargetDependency */ = {
			isa = PBXTargetDependency;
			target = C625651922A6A0DE00802DC4 /* Tiki-Home-Test */;
			targetProxy = C625652F22A6A0E100802DC4 /* PBXContainerItemProxy */;
		};
/* End PBXTargetDependency section */

/* Begin PBXVariantGroup section */
		C625652122A6A0DE00802DC4 /* Main.storyboard */ = {
			isa = PBXVariantGroup;
			children = (
				C625652222A6A0DE00802DC4 /* Base */,
			);
			name = Main.storyboard;
			sourceTree = "<group>";
		};
		C625652622A6A0E000802DC4 /* LaunchScreen.storyboard */ = {
			isa = PBXVariantGroup;
			children = (
				C625652722A6A0E000802DC4 /* Base */,
			);
			name = LaunchScreen.storyboard;
			sourceTree = "<group>";
		};
/* End PBXVariantGroup section */

/* Begin XCBuildConfiguration section */
		C625653522A6A0E100802DC4 /* Debug */ = {
			isa = XCBuildConfiguration;
			buildSettings = {
				ALWAYS_SEARCH_USER_PATHS = NO;
				CLANG_ANALYZER_NONNULL = YES;
				CLANG_ANALYZER_NUMBER_OBJECT_CONVERSION = YES_AGGRESSIVE;
				CLANG_CXX_LANGUAGE_STANDARD = "gnu++14";
				CLANG_CXX_LIBRARY = "libc++";
				CLANG_ENABLE_MODULES = YES;
				CLANG_ENABLE_OBJC_ARC = YES;
				CLANG_ENABLE_OBJC_WEAK = YES;
				CLANG_WARN_BLOCK_CAPTURE_AUTORELEASING = YES;
				CLANG_WARN_BOOL_CONVERSION = YES;
				CLANG_WARN_COMMA = YES;
				CLANG_WARN_CONSTANT_CONVERSION = YES;
				CLANG_WARN_DEPRECATED_OBJC_IMPLEMENTATIONS = YES;
				CLANG_WARN_DIRECT_OBJC_ISA_USAGE = YES_ERROR;
				CLANG_WARN_DOCUMENTATION_COMMENTS = YES;
				CLANG_WARN_EMPTY_BODY = YES;
				CLANG_WARN_ENUM_CONVERSION = YES;
				CLANG_WARN_INFINITE_RECURSION = YES;
				CLANG_WARN_INT_CONVERSION = YES;
				CLANG_WARN_NON_LITERAL_NULL_CONVERSION = YES;
				CLANG_WARN_OBJC_IMPLICIT_RETAIN_SELF = YES;
				CLANG_WARN_OBJC_LITERAL_CONVERSION = YES;
				CLANG_WARN_OBJC_ROOT_CLASS = YES_ERROR;
				CLANG_WARN_RANGE_LOOP_ANALYSIS = YES;
				CLANG_WARN_STRICT_PROTOTYPES = YES;
				CLANG_WARN_SUSPICIOUS_MOVE = YES;
				CLANG_WARN_UNGUARDED_AVAILABILITY = YES_AGGRESSIVE;
				CLANG_WARN_UNREACHABLE_CODE = YES;
				CLANG_WARN__DUPLICATE_METHOD_MATCH = YES;
				CODE_SIGN_IDENTITY = "iPhone Developer";
				COPY_PHASE_STRIP = NO;
				DEBUG_INFORMATION_FORMAT = dwarf;
				ENABLE_STRICT_OBJC_MSGSEND = YES;
				ENABLE_TESTABILITY = YES;
				GCC_C_LANGUAGE_STANDARD = gnu11;
				GCC_DYNAMIC_NO_PIC = NO;
				GCC_NO_COMMON_BLOCKS = YES;
				GCC_OPTIMIZATION_LEVEL = 0;
				GCC_PREPROCESSOR_DEFINITIONS = (
					"DEBUG=1",
					"$(inherited)",
				);
				GCC_WARN_64_TO_32_BIT_CONVERSION = YES;
				GCC_WARN_ABOUT_RETURN_TYPE = YES_ERROR;
				GCC_WARN_UNDECLARED_SELECTOR = YES;
				GCC_WARN_UNINITIALIZED_AUTOS = YES_AGGRESSIVE;
				GCC_WARN_UNUSED_FUNCTION = YES;
				GCC_WARN_UNUSED_VARIABLE = YES;
				IPHONEOS_DEPLOYMENT_TARGET = 12.2;
				MTL_ENABLE_DEBUG_INFO = INCLUDE_SOURCE;
				MTL_FAST_MATH = YES;
				ONLY_ACTIVE_ARCH = YES;
				SDKROOT = iphoneos;
				SWIFT_ACTIVE_COMPILATION_CONDITIONS = DEBUG;
				SWIFT_OPTIMIZATION_LEVEL = "-Onone";
			};
			name = Debug;
		};
		C625653622A6A0E100802DC4 /* Release */ = {
			isa = XCBuildConfiguration;
			buildSettings = {
				ALWAYS_SEARCH_USER_PATHS = NO;
				CLANG_ANALYZER_NONNULL = YES;
				CLANG_ANALYZER_NUMBER_OBJECT_CONVERSION = YES_AGGRESSIVE;
				CLANG_CXX_LANGUAGE_STANDARD = "gnu++14";
				CLANG_CXX_LIBRARY = "libc++";
				CLANG_ENABLE_MODULES = YES;
				CLANG_ENABLE_OBJC_ARC = YES;
				CLANG_ENABLE_OBJC_WEAK = YES;
				CLANG_WARN_BLOCK_CAPTURE_AUTORELEASING = YES;
				CLANG_WARN_BOOL_CONVERSION = YES;
				CLANG_WARN_COMMA = YES;
				CLANG_WARN_CONSTANT_CONVERSION = YES;
				CLANG_WARN_DEPRECATED_OBJC_IMPLEMENTATIONS = YES;
				CLANG_WARN_DIRECT_OBJC_ISA_USAGE = YES_ERROR;
				CLANG_WARN_DOCUMENTATION_COMMENTS = YES;
				CLANG_WARN_EMPTY_BODY = YES;
				CLANG_WARN_ENUM_CONVERSION = YES;
				CLANG_WARN_INFINITE_RECURSION = YES;
				CLANG_WARN_INT_CONVERSION = YES;
				CLANG_WARN_NON_LITERAL_NULL_CONVERSION = YES;
				CLANG_WARN_OBJC_IMPLICIT_RETAIN_SELF = YES;
				CLANG_WARN_OBJC_LITERAL_CONVERSION = YES;
				CLANG_WARN_OBJC_ROOT_CLASS = YES_ERROR;
				CLANG_WARN_RANGE_LOOP_ANALYSIS = YES;
				CLANG_WARN_STRICT_PROTOTYPES = YES;
				CLANG_WARN_SUSPICIOUS_MOVE = YES;
				CLANG_WARN_UNGUARDED_AVAILABILITY = YES_AGGRESSIVE;
				CLANG_WARN_UNREACHABLE_CODE = YES;
				CLANG_WARN__DUPLICATE_METHOD_MATCH = YES;
				CODE_SIGN_IDENTITY = "iPhone Developer";
				COPY_PHASE_STRIP = NO;
				DEBUG_INFORMATION_FORMAT = "dwarf-with-dsym";
				ENABLE_NS_ASSERTIONS = NO;
				ENABLE_STRICT_OBJC_MSGSEND = YES;
				GCC_C_LANGUAGE_STANDARD = gnu11;
				GCC_NO_COMMON_BLOCKS = YES;
				GCC_WARN_64_TO_32_BIT_CONVERSION = YES;
				GCC_WARN_ABOUT_RETURN_TYPE = YES_ERROR;
				GCC_WARN_UNDECLARED_SELECTOR = YES;
				GCC_WARN_UNINITIALIZED_AUTOS = YES_AGGRESSIVE;
				GCC_WARN_UNUSED_FUNCTION = YES;
				GCC_WARN_UNUSED_VARIABLE = YES;
				IPHONEOS_DEPLOYMENT_TARGET = 12.2;
				MTL_ENABLE_DEBUG_INFO = NO;
				MTL_FAST_MATH = YES;
				SDKROOT = iphoneos;
				SWIFT_COMPILATION_MODE = wholemodule;
				SWIFT_OPTIMIZATION_LEVEL = "-O";
				VALIDATE_PRODUCT = YES;
			};
			name = Release;
		};
		C625653822A6A0E100802DC4 /* Debug */ = {
			isa = XCBuildConfiguration;
			baseConfigurationReference = E0DF9FCFEC8975FF15BBB1D7 /* Pods-Tiki-Home-Test.debug.xcconfig */;
			buildSettings = {
				ASSETCATALOG_COMPILER_APPICON_NAME = AppIcon;
				CODE_SIGN_STYLE = Automatic;
				DEVELOPMENT_TEAM = P3T3A6AHVP;
				INFOPLIST_FILE = "Tiki-Home-Test/Supporting Files/Info.plist";
				IPHONEOS_DEPLOYMENT_TARGET = 10.0;
				LD_RUNPATH_SEARCH_PATHS = (
					"$(inherited)",
					"@executable_path/Frameworks",
				);
				PRODUCT_BUNDLE_IDENTIFIER = "keohoangphuong.Tiki-Home-Test";
				PRODUCT_NAME = "$(TARGET_NAME)";
				SWIFT_VERSION = 5.0;
				TARGETED_DEVICE_FAMILY = 1;
			};
			name = Debug;
		};
		C625653922A6A0E100802DC4 /* Release */ = {
			isa = XCBuildConfiguration;
			baseConfigurationReference = 50F6E168B7E2CC838AF93AD9 /* Pods-Tiki-Home-Test.release.xcconfig */;
			buildSettings = {
				ASSETCATALOG_COMPILER_APPICON_NAME = AppIcon;
				CODE_SIGN_STYLE = Automatic;
				DEVELOPMENT_TEAM = P3T3A6AHVP;
				INFOPLIST_FILE = "Tiki-Home-Test/Supporting Files/Info.plist";
				IPHONEOS_DEPLOYMENT_TARGET = 10.0;
				LD_RUNPATH_SEARCH_PATHS = (
					"$(inherited)",
					"@executable_path/Frameworks",
				);
				PRODUCT_BUNDLE_IDENTIFIER = "keohoangphuong.Tiki-Home-Test";
				PRODUCT_NAME = "$(TARGET_NAME)";
				SWIFT_VERSION = 5.0;
				TARGETED_DEVICE_FAMILY = 1;
			};
			name = Release;
		};
		C625653B22A6A0E100802DC4 /* Debug */ = {
			isa = XCBuildConfiguration;
			baseConfigurationReference = CBFAAB890A8E148F130D667D /* Pods-Tiki-Home-TestTests.debug.xcconfig */;
			buildSettings = {
				ALWAYS_EMBED_SWIFT_STANDARD_LIBRARIES = YES;
				BUNDLE_LOADER = "$(TEST_HOST)";
				CODE_SIGN_STYLE = Automatic;
				DEVELOPMENT_TEAM = P3T3A6AHVP;
				INFOPLIST_FILE = "Tiki-Home-TestTests/Info.plist";
				LD_RUNPATH_SEARCH_PATHS = (
					"$(inherited)",
					"@executable_path/Frameworks",
					"@loader_path/Frameworks",
				);
				PRODUCT_BUNDLE_IDENTIFIER = "keohoangphuong.Tiki-Home-TestTests";
				PRODUCT_NAME = "$(TARGET_NAME)";
				SWIFT_VERSION = 5.0;
				TARGETED_DEVICE_FAMILY = "1,2";
				TEST_HOST = "$(BUILT_PRODUCTS_DIR)/Tiki-Home-Test.app/Tiki-Home-Test";
			};
			name = Debug;
		};
		C625653C22A6A0E100802DC4 /* Release */ = {
			isa = XCBuildConfiguration;
			baseConfigurationReference = CF61C388D74757283718A06E /* Pods-Tiki-Home-TestTests.release.xcconfig */;
			buildSettings = {
				ALWAYS_EMBED_SWIFT_STANDARD_LIBRARIES = YES;
				BUNDLE_LOADER = "$(TEST_HOST)";
				CODE_SIGN_STYLE = Automatic;
				DEVELOPMENT_TEAM = P3T3A6AHVP;
				INFOPLIST_FILE = "Tiki-Home-TestTests/Info.plist";
				LD_RUNPATH_SEARCH_PATHS = (
					"$(inherited)",
					"@executable_path/Frameworks",
					"@loader_path/Frameworks",
				);
				PRODUCT_BUNDLE_IDENTIFIER = "keohoangphuong.Tiki-Home-TestTests";
				PRODUCT_NAME = "$(TARGET_NAME)";
				SWIFT_VERSION = 5.0;
				TARGETED_DEVICE_FAMILY = "1,2";
				TEST_HOST = "$(BUILT_PRODUCTS_DIR)/Tiki-Home-Test.app/Tiki-Home-Test";
			};
			name = Release;
		};
/* End XCBuildConfiguration section */

/* Begin XCConfigurationList section */
		C625651522A6A0DE00802DC4 /* Build configuration list for PBXProject "Tiki-Home-Test" */ = {
			isa = XCConfigurationList;
			buildConfigurations = (
				C625653522A6A0E100802DC4 /* Debug */,
				C625653622A6A0E100802DC4 /* Release */,
			);
			defaultConfigurationIsVisible = 0;
			defaultConfigurationName = Release;
		};
		C625653722A6A0E100802DC4 /* Build configuration list for PBXNativeTarget "Tiki-Home-Test" */ = {
			isa = XCConfigurationList;
			buildConfigurations = (
				C625653822A6A0E100802DC4 /* Debug */,
				C625653922A6A0E100802DC4 /* Release */,
			);
			defaultConfigurationIsVisible = 0;
			defaultConfigurationName = Release;
		};
		C625653A22A6A0E100802DC4 /* Build configuration list for PBXNativeTarget "Tiki-Home-TestTests" */ = {
			isa = XCConfigurationList;
			buildConfigurations = (
				C625653B22A6A0E100802DC4 /* Debug */,
				C625653C22A6A0E100802DC4 /* Release */,
			);
			defaultConfigurationIsVisible = 0;
			defaultConfigurationName = Release;
		};
/* End XCConfigurationList section */
	};
	rootObject = C625651222A6A0DE00802DC4 /* Project object */;
}
